<Solution>
  <Folder Name="/src/">
    <Project Path="src/KickTime.API/KickTime.API.csproj" />
    <Project Path="src/KickTime.Application/KickTime.Application.csproj" />
    <Project Path="src/KickTime.Core/KickTime.Core.csproj" />
    <Project Path="src/KickTime.Infrastructure/KickTime.Infrastructure.csproj" />
    <Project Path="src/KickTime.Tests/KickTime.Tests.csproj" />
  </Folder>
  <Folder Name="/tests/">
    <Project Path="tests/KickTime.API.IntegrationTests/KickTime.API.IntegrationTests.csproj" />
  </Folder>
</Solution>
